# This file is autogenerated, do not edit; changes may be undone by the next 'dep ensure'.


[[projects]]
  name = "github.com/vmware/govmomi"
  packages = [
    ".",
    "property",
    "session",
    "vim25",
    "vim25/debug",
    "vim25/methods",
    "vim25/mo",
    "vim25/progress",
    "vim25/soap",
    "vim25/types",
    "vim25/xml"
  ]
  revision = "e3a01f9611c32b2362366434bcd671516e78955d"
  version = "v0.18.0"

[solve-meta]
  analyzer-name = "dep"
  analyzer-version = 1
  inputs-digest = "3f89455911e3a621ab0eb5dcec5ba7d85f9871f6a71f35fde38cde26c03fad97"
  solver-name = "gps-cdcl"
  solver-version = 1
